// !$*UTF8*$!
{
	archiveVersion = 1;
	classes = {
	};
	objectVersion = 55;
	objects = {

/* Begin PBXBuildFile section */
		6B567E8028577F35002C0B57 /* TextViews.swift in Sources */ = {isa = PBXBuildFile; fileRef = 6B567E7F28577F35002C0B57 /* TextViews.swift */; };
		6B6AF7D72854A45600C5B024 /* BullseyeApp.swift in Sources */ = {isa = PBXBuildFile; fileRef = 6B6AF7D62854A45600C5B024 /* BullseyeApp.swift */; };
		6B6AF7D92854A45600C5B024 /* ContentView.swift in Sources */ = {isa = PBXBuildFile; fileRef = 6B6AF7D82854A45600C5B024 /* ContentView.swift */; };
		6B6AF7DB2854A45800C5B024 /* Assets.xcassets in Resources */ = {isa = PBXBuildFile; fileRef = 6B6AF7DA2854A45800C5B024 /* Assets.xcassets */; };
		6B6AF7DE2854A45800C5B024 /* Preview Assets.xcassets in Resources */ = {isa = PBXBuildFile; fileRef = 6B6AF7DD2854A45800C5B024 /* Preview Assets.xcassets */; };
		6B6AF7E82854E1C400C5B024 /* Game.swift in Sources */ = {isa = PBXBuildFile; fileRef = 6B6AF7E72854E1C400C5B024 /* Game.swift */; };
		6B6AF7F02854E79F00C5B024 /* BullseyeTests.swift in Sources */ = {isa = PBXBuildFile; fileRef = 6B6AF7EF2854E79F00C5B024 /* BullseyeTests.swift */; };
		6B936D372864F9A20097C95B /* PointsView.swift in Sources */ = {isa = PBXBuildFile; fileRef = 6B936D362864F9A20097C95B /* PointsView.swift */; };
		6BA24DD228744E3D00AE010C /* LeaderboardView.swift in Sources */ = {isa = PBXBuildFile; fileRef = 6BA24DD128744E3D00AE010C /* LeaderboardView.swift */; };
		6BB1243E285794FF00BD3666 /* Shapes.swift in Sources */ = {isa = PBXBuildFile; fileRef = 6BB1243D285794FF00BD3666 /* Shapes.swift */; };
		6BB12440285798AD00BD3666 /* RoundedViews.swift in Sources */ = {isa = PBXBuildFile; fileRef = 6BB1243F285798AD00BD3666 /* RoundedViews.swift */; };
		6BC533952872FC3800391647 /* Constants.swift in Sources */ = {isa = PBXBuildFile; fileRef = 6BC533942872FC3800391647 /* Constants.swift */; };
		6BF550B32857AB7D00C2B511 /* BackgroundView.swift in Sources */ = {isa = PBXBuildFile; fileRef = 6BF550B22857AB7D00C2B511 /* BackgroundView.swift */; };
/* End PBXBuildFile section */

/* Begin PBXContainerItemProxy section */
		6B6AF7F12854E79F00C5B024 /* PBXContainerItemProxy */ = {
			isa = PBXContainerItemProxy;
			containerPortal = 6B6AF7CB2854A45600C5B024 /* Project object */;
			proxyType = 1;
			remoteGlobalIDString = 6B6AF7D22854A45600C5B024;
			remoteInfo = Bullseye;
		};
/* End PBXContainerItemProxy section */

/* Begin PBXFileReference section */
		6B567E7F28577F35002C0B57 /* TextViews.swift */ = {isa = PBXFileReference; lastKnownFileType = sourcecode.swift; path = TextViews.swift; sourceTree = "<group>"; };
		6B6AF7D32854A45600C5B024 /* Bull's Eye.app */ = {isa = PBXFileReference; explicitFileType = wrapper.application; includeInIndex = 0; path = "Bull's Eye.app"; sourceTree = BUILT_PRODUCTS_DIR; };
		6B6AF7D62854A45600C5B024 /* BullseyeApp.swift */ = {isa = PBXFileReference; lastKnownFileType = sourcecode.swift; path = BullseyeApp.swift; sourceTree = "<group>"; };
		6B6AF7D82854A45600C5B024 /* ContentView.swift */ = {isa = PBXFileReference; lastKnownFileType = sourcecode.swift; path = ContentView.swift; sourceTree = "<group>"; };
		6B6AF7DA2854A45800C5B024 /* Assets.xcassets */ = {isa = PBXFileReference; lastKnownFileType = folder.assetcatalog; path = Assets.xcassets; sourceTree = "<group>"; };
		6B6AF7DD2854A45800C5B024 /* Preview Assets.xcassets */ = {isa = PBXFileReference; lastKnownFileType = folder.assetcatalog; path = "Preview Assets.xcassets"; sourceTree = "<group>"; };
		6B6AF7E72854E1C400C5B024 /* Game.swift */ = {isa = PBXFileReference; lastKnownFileType = sourcecode.swift; path = Game.swift; sourceTree = "<group>"; };
		6B6AF7ED2854E79F00C5B024 /* BullseyeTests.xctest */ = {isa = PBXFileReference; explicitFileType = wrapper.cfbundle; includeInIndex = 0; path = BullseyeTests.xctest; sourceTree = BUILT_PRODUCTS_DIR; };
		6B6AF7EF2854E79F00C5B024 /* BullseyeTests.swift */ = {isa = PBXFileReference; lastKnownFileType = sourcecode.swift; path = BullseyeTests.swift; sourceTree = "<group>"; };
		6B936D362864F9A20097C95B /* PointsView.swift */ = {isa = PBXFileReference; lastKnownFileType = sourcecode.swift; path = PointsView.swift; sourceTree = "<group>"; };
		6BA24DD128744E3D00AE010C /* LeaderboardView.swift */ = {isa = PBXFileReference; lastKnownFileType = sourcecode.swift; path = LeaderboardView.swift; sourceTree = "<group>"; };
		6BB1243D285794FF00BD3666 /* Shapes.swift */ = {isa = PBXFileReference; lastKnownFileType = sourcecode.swift; path = Shapes.swift; sourceTree = "<group>"; };
		6BB1243F285798AD00BD3666 /* RoundedViews.swift */ = {isa = PBXFileReference; lastKnownFileType = sourcecode.swift; path = RoundedViews.swift; sourceTree = "<group>"; };
		6BC533942872FC3800391647 /* Constants.swift */ = {isa = PBXFileReference; lastKnownFileType = sourcecode.swift; path = Constants.swift; sourceTree = "<group>"; };
		6BF550B22857AB7D00C2B511 /* BackgroundView.swift */ = {isa = PBXFileReference; lastKnownFileType = sourcecode.swift; path = BackgroundView.swift; sourceTree = "<group>"; };
/* End PBXFileReference section */

/* Begin PBXFrameworksBuildPhase section */
		6B6AF7D02854A45600C5B024 /* Frameworks */ = {
			isa = PBXFrameworksBuildPhase;
			buildActionMask = 2147483647;
			files = (
			);
			runOnlyForDeploymentPostprocessing = 0;
		};
		6B6AF7EA2854E79F00C5B024 /* Frameworks */ = {
			isa = PBXFrameworksBuildPhase;
			buildActionMask = 2147483647;
			files = (
			);
			runOnlyForDeploymentPostprocessing = 0;
		};
/* End PBXFrameworksBuildPhase section */

/* Begin PBXGroup section */
		6B6AF7CA2854A45600C5B024 = {
			isa = PBXGroup;
			children = (
				6B6AF7D52854A45600C5B024 /* Bullseye */,
				6B6AF7EE2854E79F00C5B024 /* BullseyeTests */,
				6B6AF7D42854A45600C5B024 /* Products */,
			);
			sourceTree = "<group>";
		};
		6B6AF7D42854A45600C5B024 /* Products */ = {
			isa = PBXGroup;
			children = (
				6B6AF7D32854A45600C5B024 /* Bull's Eye.app */,
				6B6AF7ED2854E79F00C5B024 /* BullseyeTests.xctest */,
			);
			name = Products;
			sourceTree = "<group>";
		};
		6B6AF7D52854A45600C5B024 /* Bullseye */ = {
			isa = PBXGroup;
			children = (
				6B6AF7E62854E13C00C5B024 /* App */,
				6B6AF7E52854E11700C5B024 /* Views */,
				6B6AF7E42854E11000C5B024 /* Models */,
				6B6AF7DC2854A45800C5B024 /* Preview Content */,
			);
			path = Bullseye;
			sourceTree = "<group>";
		};
		6B6AF7DC2854A45800C5B024 /* Preview Content */ = {
			isa = PBXGroup;
			children = (
				6B6AF7DD2854A45800C5B024 /* Preview Assets.xcassets */,
			);
			path = "Preview Content";
			sourceTree = "<group>";
		};
		6B6AF7E42854E11000C5B024 /* Models */ = {
			isa = PBXGroup;
			children = (
				6B6AF7E72854E1C400C5B024 /* Game.swift */,
				6BC533942872FC3800391647 /* Constants.swift */,
			);
			path = Models;
			sourceTree = "<group>";
		};
		6B6AF7E52854E11700C5B024 /* Views */ = {
			isa = PBXGroup;
			children = (
				6B6AF7D82854A45600C5B024 /* ContentView.swift */,
				6B567E7F28577F35002C0B57 /* TextViews.swift */,
				6BB1243D285794FF00BD3666 /* Shapes.swift */,
				6BB1243F285798AD00BD3666 /* RoundedViews.swift */,
				6BF550B22857AB7D00C2B511 /* BackgroundView.swift */,
				6B936D362864F9A20097C95B /* PointsView.swift */,
				6BA24DD128744E3D00AE010C /* LeaderboardView.swift */,
			);
			path = Views;
			sourceTree = "<group>";
		};
		6B6AF7E62854E13C00C5B024 /* App */ = {
			isa = PBXGroup;
			children = (
				6B6AF7D62854A45600C5B024 /* BullseyeApp.swift */,
				6B6AF7DA2854A45800C5B024 /* Assets.xcassets */,
			);
			path = App;
			sourceTree = "<group>";
		};
		6B6AF7EE2854E79F00C5B024 /* BullseyeTests */ = {
			isa = PBXGroup;
			children = (
				6B6AF7EF2854E79F00C5B024 /* BullseyeTests.swift */,
			);
			path = BullseyeTests;
			sourceTree = "<group>";
		};
/* End PBXGroup section */

/* Begin PBXNativeTarget section */
		6B6AF7D22854A45600C5B024 /* Bullseye */ = {
			isa = PBXNativeTarget;
			buildConfigurationList = 6B6AF7E12854A45800C5B024 /* Build configuration list for PBXNativeTarget "Bullseye" */;
			buildPhases = (
				6B6AF7CF2854A45600C5B024 /* Sources */,
				6B6AF7D02854A45600C5B024 /* Frameworks */,
				6B6AF7D12854A45600C5B024 /* Resources */,
			);
			buildRules = (
			);
			dependencies = (
			);
			name = Bullseye;
			productName = Bullseye;
			productReference = 6B6AF7D32854A45600C5B024 /* Bull's Eye.app */;
			productType = "com.apple.product-type.application";
		};
		6B6AF7EC2854E79F00C5B024 /* BullseyeTests */ = {
			isa = PBXNativeTarget;
			buildConfigurationList = 6B6AF7F32854E79F00C5B024 /* Build configuration list for PBXNativeTarget "BullseyeTests" */;
			buildPhases = (
				6B6AF7E92854E79F00C5B024 /* Sources */,
				6B6AF7EA2854E79F00C5B024 /* Frameworks */,
				6B6AF7EB2854E79F00C5B024 /* Resources */,
			);
			buildRules = (
			);
			dependencies = (
				6B6AF7F22854E79F00C5B024 /* PBXTargetDependency */,
			);
			name = BullseyeTests;
			productName = BullseyeTests;
			productReference = 6B6AF7ED2854E79F00C5B024 /* BullseyeTests.xctest */;
			productType = "com.apple.product-type.bundle.unit-test";
		};
/* End PBXNativeTarget section */

/* Begin PBXProject section */
		6B6AF7CB2854A45600C5B024 /* Project object */ = {
			isa = PBXProject;
			attributes = {
				BuildIndependentTargetsInParallel = 1;
				LastSwiftUpdateCheck = 1340;
				LastUpgradeCheck = 1340;
				TargetAttributes = {
					6B6AF7D22854A45600C5B024 = {
						CreatedOnToolsVersion = 13.4.1;
					};
					6B6AF7EC2854E79F00C5B024 = {
						CreatedOnToolsVersion = 13.4.1;
						TestTargetID = 6B6AF7D22854A45600C5B024;
					};
				};
			};
			buildConfigurationList = 6B6AF7CE2854A45600C5B024 /* Build configuration list for PBXProject "Bullseye" */;
			compatibilityVersion = "Xcode 13.0";
			developmentRegion = en;
			hasScannedForEncodings = 0;
			knownRegions = (
				en,
				Base,
			);
			mainGroup = 6B6AF7CA2854A45600C5B024;
			productRefGroup = 6B6AF7D42854A45600C5B024 /* Products */;
			projectDirPath = "";
			projectRoot = "";
			targets = (
				6B6AF7D22854A45600C5B024 /* Bullseye */,
				6B6AF7EC2854E79F00C5B024 /* BullseyeTests */,
			);
		};
/* End PBXProject section */

/* Begin PBXResourcesBuildPhase section */
		6B6AF7D12854A45600C5B024 /* Resources */ = {
			isa = PBXResourcesBuildPhase;
			buildActionMask = 2147483647;
			files = (
				6B6AF7DE2854A45800C5B024 /* Preview Assets.xcassets in Resources */,
				6B6AF7DB2854A45800C5B024 /* Assets.xcassets in Resources */,
			);
			runOnlyForDeploymentPostprocessing = 0;
		};
		6B6AF7EB2854E79F00C5B024 /* Resources */ = {
			isa = PBXResourcesBuildPhase;
			buildActionMask = 2147483647;
			files = (
			);
			runOnlyForDeploymentPostprocessing = 0;
		};
/* End PBXResourcesBuildPhase section */

/* Begin PBXSourcesBuildPhase section */
		6B6AF7CF2854A45600C5B024 /* Sources */ = {
			isa = PBXSourcesBuildPhase;
			buildActionMask = 2147483647;
			files = (
				6BA24DD228744E3D00AE010C /* LeaderboardView.swift in Sources */,
				6BB12440285798AD00BD3666 /* RoundedViews.swift in Sources */,
				6B6AF7D92854A45600C5B024 /* ContentView.swift in Sources */,
				6B567E8028577F35002C0B57 /* TextViews.swift in Sources */,
				6B936D372864F9A20097C95B /* PointsView.swift in Sources */,
				6BF550B32857AB7D00C2B511 /* BackgroundView.swift in Sources */,
				6BB1243E285794FF00BD3666 /* Shapes.swift in Sources */,
				6BC533952872FC3800391647 /* Constants.swift in Sources */,
				6B6AF7E82854E1C400C5B024 /* Game.swift in Sources */,
				6B6AF7D72854A45600C5B024 /* BullseyeApp.swift in Sources */,
			);
			runOnlyForDeploymentPostprocessing = 0;
		};
		6B6AF7E92854E79F00C5B024 /* Sources */ = {
			isa = PBXSourcesBuildPhase;
			buildActionMask = 2147483647;
			files = (
				6B6AF7F02854E79F00C5B024 /* BullseyeTests.swift in Sources */,
			);
			runOnlyForDeploymentPostprocessing = 0;
		};
/* End PBXSourcesBuildPhase section */

/* Begin PBXTargetDependency section */
		6B6AF7F22854E79F00C5B024 /* PBXTargetDependency */ = {
			isa = PBXTargetDependency;
			target = 6B6AF7D22854A45600C5B024 /* Bullseye */;
			targetProxy = 6B6AF7F12854E79F00C5B024 /* PBXContainerItemProxy */;
		};
/* End PBXTargetDependency section */

/* Begin XCBuildConfiguration section */
		6B6AF7DF2854A45800C5B024 /* Debug */ = {
			isa = XCBuildConfiguration;
			buildSettings = {
				ALWAYS_SEARCH_USER_PATHS = NO;
				CLANG_ANALYZER_NONNULL = YES;
				CLANG_ANALYZER_NUMBER_OBJECT_CONVERSION = YES_AGGRESSIVE;
				CLANG_CXX_LANGUAGE_STANDARD = "gnu++17";
				CLANG_ENABLE_MODULES = YES;
				CLANG_ENABLE_OBJC_ARC = YES;
				CLANG_ENABLE_OBJC_WEAK = YES;
				CLANG_WARN_BLOCK_CAPTURE_AUTORELEASING = YES;
				CLANG_WARN_BOOL_CONVERSION = YES;
				CLANG_WARN_COMMA = YES;
				CLANG_WARN_CONSTANT_CONVERSION = YES;
				CLANG_WARN_DEPRECATED_OBJC_IMPLEMENTATIONS = YES;
				CLANG_WARN_DIRECT_OBJC_ISA_USAGE = YES_ERROR;
				CLANG_WARN_DOCUMENTATION_COMMENTS = YES;
				CLANG_WARN_EMPTY_BODY = YES;
				CLANG_WARN_ENUM_CONVERSION = YES;
				CLANG_WARN_INFINITE_RECURSION = YES;
				CLANG_WARN_INT_CONVERSION = YES;
				CLANG_WARN_NON_LITERAL_NULL_CONVERSION = YES;
				CLANG_WARN_OBJC_IMPLICIT_RETAIN_SELF = YES;
				CLANG_WARN_OBJC_LITERAL_CONVERSION = YES;
				CLANG_WARN_OBJC_ROOT_CLASS = YES_ERROR;
				CLANG_WARN_QUOTED_INCLUDE_IN_FRAMEWORK_HEADER = YES;
				CLANG_WARN_RANGE_LOOP_ANALYSIS = YES;
				CLANG_WARN_STRICT_PROTOTYPES = YES;
				CLANG_WARN_SUSPICIOUS_MOVE = YES;
				CLANG_WARN_UNGUARDED_AVAILABILITY = YES_AGGRESSIVE;
				CLANG_WARN_UNREACHABLE_CODE = YES;
				CLANG_WARN__DUPLICATE_METHOD_MATCH = YES;
				COPY_PHASE_STRIP = NO;
				DEBUG_INFORMATION_FORMAT = dwarf;
				ENABLE_STRICT_OBJC_MSGSEND = YES;
				ENABLE_TESTABILITY = YES;
				GCC_C_LANGUAGE_STANDARD = gnu11;
				GCC_DYNAMIC_NO_PIC = NO;
				GCC_NO_COMMON_BLOCKS = YES;
				GCC_OPTIMIZATION_LEVEL = 0;
				GCC_PREPROCESSOR_DEFINITIONS = (
					"DEBUG=1",
					"$(inherited)",
				);
				GCC_WARN_64_TO_32_BIT_CONVERSION = YES;
				GCC_WARN_ABOUT_RETURN_TYPE = YES_ERROR;
				GCC_WARN_UNDECLARED_SELECTOR = YES;
				GCC_WARN_UNINITIALIZED_AUTOS = YES_AGGRESSIVE;
				GCC_WARN_UNUSED_FUNCTION = YES;
				GCC_WARN_UNUSED_VARIABLE = YES;
				IPHONEOS_DEPLOYMENT_TARGET = 15.5;
				MTL_ENABLE_DEBUG_INFO = INCLUDE_SOURCE;
				MTL_FAST_MATH = YES;
				ONLY_ACTIVE_ARCH = YES;
				SDKROOT = iphoneos;
				SWIFT_ACTIVE_COMPILATION_CONDITIONS = DEBUG;
				SWIFT_OPTIMIZATION_LEVEL = "-Onone";
			};
			name = Debug;
		};
		6B6AF7E02854A45800C5B024 /* Release */ = {
			isa = XCBuildConfiguration;
			buildSettings = {
				ALWAYS_SEARCH_USER_PATHS = NO;
				CLANG_ANALYZER_NONNULL = YES;
				CLANG_ANALYZER_NUMBER_OBJECT_CONVERSION = YES_AGGRESSIVE;
				CLANG_CXX_LANGUAGE_STANDARD = "gnu++17";
				CLANG_ENABLE_MODULES = YES;
				CLANG_ENABLE_OBJC_ARC = YES;
				CLANG_ENABLE_OBJC_WEAK = YES;
				CLANG_WARN_BLOCK_CAPTURE_AUTORELEASING = YES;
				CLANG_WARN_BOOL_CONVERSION = YES;
				CLANG_WARN_COMMA = YES;
				CLANG_WARN_CONSTANT_CONVERSION = YES;
				CLANG_WARN_DEPRECATED_OBJC_IMPLEMENTATIONS = YES;
				CLANG_WARN_DIRECT_OBJC_ISA_USAGE = YES_ERROR;
				CLANG_WARN_DOCUMENTATION_COMMENTS = YES;
				CLANG_WARN_EMPTY_BODY = YES;
				CLANG_WARN_ENUM_CONVERSION = YES;
				CLANG_WARN_INFINITE_RECURSION = YES;
				CLANG_WARN_INT_CONVERSION = YES;
				CLANG_WARN_NON_LITERAL_NULL_CONVERSION = YES;
				CLANG_WARN_OBJC_IMPLICIT_RETAIN_SELF = YES;
				CLANG_WARN_OBJC_LITERAL_CONVERSION = YES;
				CLANG_WARN_OBJC_ROOT_CLASS = YES_ERROR;
				CLANG_WARN_QUOTED_INCLUDE_IN_FRAMEWORK_HEADER = YES;
				CLANG_WARN_RANGE_LOOP_ANALYSIS = YES;
				CLANG_WARN_STRICT_PROTOTYPES = YES;
				CLANG_WARN_SUSPICIOUS_MOVE = YES;
				CLANG_WARN_UNGUARDED_AVAILABILITY = YES_AGGRESSIVE;
				CLANG_WARN_UNREACHABLE_CODE = YES;
				CLANG_WARN__DUPLICATE_METHOD_MATCH = YES;
				COPY_PHASE_STRIP = NO;
				DEBUG_INFORMATION_FORMAT = "dwarf-with-dsym";
				ENABLE_NS_ASSERTIONS = NO;
				ENABLE_STRICT_OBJC_MSGSEND = YES;
				GCC_C_LANGUAGE_STANDARD = gnu11;
				GCC_NO_COMMON_BLOCKS = YES;
				GCC_WARN_64_TO_32_BIT_CONVERSION = YES;
				GCC_WARN_ABOUT_RETURN_TYPE = YES_ERROR;
				GCC_WARN_UNDECLARED_SELECTOR = YES;
				GCC_WARN_UNINITIALIZED_AUTOS = YES_AGGRESSIVE;
				GCC_WARN_UNUSED_FUNCTION = YES;
				GCC_WARN_UNUSED_VARIABLE = YES;
				IPHONEOS_DEPLOYMENT_TARGET = 15.5;
				MTL_ENABLE_DEBUG_INFO = NO;
				MTL_FAST_MATH = YES;
				SDKROOT = iphoneos;
				SWIFT_COMPILATION_MODE = wholemodule;
				SWIFT_OPTIMIZATION_LEVEL = "-O";
				VALIDATE_PRODUCT = YES;
			};
			name = Release;
		};
		6B6AF7E22854A45800C5B024 /* Debug */ = {
			isa = XCBuildConfiguration;
			buildSettings = {
				ASSETCATALOG_COMPILER_APPICON_NAME = AppIcon;
				ASSETCATALOG_COMPILER_GLOBAL_ACCENT_COLOR_NAME = AccentColor;
				CODE_SIGN_STYLE = Automatic;
				CURRENT_PROJECT_VERSION = 1;
				DEVELOPMENT_ASSET_PATHS = "\"Bullseye/Preview Content\"";
				DEVELOPMENT_TEAM = STT7522LFQ;
				ENABLE_PREVIEWS = YES;
				GENERATE_INFOPLIST_FILE = YES;
				INFOPLIST_KEY_UIApplicationSceneManifest_Generation = YES;
				INFOPLIST_KEY_UIApplicationSupportsIndirectInputEvents = YES;
				INFOPLIST_KEY_UILaunchScreen_Generation = YES;
				INFOPLIST_KEY_UISupportedInterfaceOrientations_iPad = "UIInterfaceOrientationPortrait UIInterfaceOrientationPortraitUpsideDown UIInterfaceOrientationLandscapeLeft UIInterfaceOrientationLandscapeRight";
				INFOPLIST_KEY_UISupportedInterfaceOrientations_iPhone = "UIInterfaceOrientationPortrait UIInterfaceOrientationLandscapeLeft UIInterfaceOrientationLandscapeRight";
				LD_RUNPATH_SEARCH_PATHS = (
					"$(inherited)",
					"@executable_path/Frameworks",
				);
				MARKETING_VERSION = 1.0;
				PRODUCT_BUNDLE_IDENTIFIER = home.projects.Bullseye;
				PRODUCT_NAME = "Bull's Eye";
				SWIFT_EMIT_LOC_STRINGS = YES;
				SWIFT_VERSION = 5.0;
				TARGETED_DEVICE_FAMILY = "1,2";
			};
			name = Debug;
		};
		6B6AF7E32854A45800C5B024 /* Release */ = {
			isa = XCBuildConfiguration;
			buildSettings = {
				ASSETCATALOG_COMPILER_APPICON_NAME = AppIcon;
				ASSETCATALOG_COMPILER_GLOBAL_ACCENT_COLOR_NAME = AccentColor;
				CODE_SIGN_STYLE = Automatic;
				CURRENT_PROJECT_VERSION = 1;
				DEVELOPMENT_ASSET_PATHS = "\"Bullseye/Preview Content\"";
				DEVELOPMENT_TEAM = STT7522LFQ;
				ENABLE_PREVIEWS = YES;
				GENERATE_INFOPLIST_FILE = YES;
				INFOPLIST_KEY_UIApplicationSceneManifest_Generation = YES;
				INFOPLIST_KEY_UIApplicationSupportsIndirectInputEvents = YES;
				INFOPLIST_KEY_UILaunchScreen_Generation = YES;
				INFOPLIST_KEY_UISupportedInterfaceOrientations_iPad = "UIInterfaceOrientationPortrait UIInterfaceOrientationPortraitUpsideDown UIInterfaceOrientationLandscapeLeft UIInterfaceOrientationLandscapeRight";
				INFOPLIST_KEY_UISupportedInterfaceOrientations_iPhone = "UIInterfaceOrientationPortrait UIInterfaceOrientationLandscapeLeft UIInterfaceOrientationLandscapeRight";
				LD_RUNPATH_SEARCH_PATHS = (
					"$(inherited)",
					"@executable_path/Frameworks",
				);
				MARKETING_VERSION = 1.0;
				PRODUCT_BUNDLE_IDENTIFIER = home.projects.Bullseye;
				PRODUCT_NAME = "Bull's Eye";
				SWIFT_EMIT_LOC_STRINGS = YES;
				SWIFT_VERSION = 5.0;
				TARGETED_DEVICE_FAMILY = "1,2";
			};
			name = Release;
		};
		6B6AF7F42854E79F00C5B024 /* Debug */ = {
			isa = XCBuildConfiguration;
			buildSettings = {
				BUNDLE_LOADER = "$(TEST_HOST)";
				CODE_SIGN_STYLE = Automatic;
				CURRENT_PROJECT_VERSION = 1;
				GENERATE_INFOPLIST_FILE = YES;
				MARKETING_VERSION = 1.0;
				PRODUCT_BUNDLE_IDENTIFIER = home.BullseyeTests;
				PRODUCT_NAME = "$(TARGET_NAME)";
				SWIFT_EMIT_LOC_STRINGS = NO;
				SWIFT_VERSION = 5.0;
				TARGETED_DEVICE_FAMILY = "1,2";
				TEST_HOST = "$(BUILT_PRODUCTS_DIR)/Bullseye.app/Bullseye";
			};
			name = Debug;
		};
		6B6AF7F52854E79F00C5B024 /* Release */ = {
			isa = XCBuildConfiguration;
			buildSettings = {
				BUNDLE_LOADER = "$(TEST_HOST)";
				CODE_SIGN_STYLE = Automatic;
				CURRENT_PROJECT_VERSION = 1;
				GENERATE_INFOPLIST_FILE = YES;
				MARKETING_VERSION = 1.0;
				PRODUCT_BUNDLE_IDENTIFIER = home.BullseyeTests;
				PRODUCT_NAME = "$(TARGET_NAME)";
				SWIFT_EMIT_LOC_STRINGS = NO;
				SWIFT_VERSION = 5.0;
				TARGETED_DEVICE_FAMILY = "1,2";
				TEST_HOST = "$(BUILT_PRODUCTS_DIR)/Bullseye.app/Bullseye";
			};
			name = Release;
		};
/* End XCBuildConfiguration section */

/* Begin XCConfigurationList section */
		6B6AF7CE2854A45600C5B024 /* Build configuration list for PBXProject "Bullseye" */ = {
			isa = XCConfigurationList;
			buildConfigurations = (
				6B6AF7DF2854A45800C5B024 /* Debug */,
				6B6AF7E02854A45800C5B024 /* Release */,
			);
			defaultConfigurationIsVisible = 0;
			defaultConfigurationName = Release;
		};
		6B6AF7E12854A45800C5B024 /* Build configuration list for PBXNativeTarget "Bullseye" */ = {
			isa = XCConfigurationList;
			buildConfigurations = (
				6B6AF7E22854A45800C5B024 /* Debug */,
				6B6AF7E32854A45800C5B024 /* Release */,
			);
			defaultConfigurationIsVisible = 0;
			defaultConfigurationName = Release;
		};
		6B6AF7F32854E79F00C5B024 /* Build configuration list for PBXNativeTarget "BullseyeTests" */ = {
			isa = XCConfigurationList;
			buildConfigurations = (
				6B6AF7F42854E79F00C5B024 /* Debug */,
				6B6AF7F52854E79F00C5B024 /* Release */,
			);
			defaultConfigurationIsVisible = 0;
			defaultConfigurationName = Release;
		};
/* End XCConfigurationList section */
	};
	rootObject = 6B6AF7CB2854A45600C5B024 /* Project object */;
}
